
Microsoft Visual Studio Solution File, Format Version 12.00
# Visual Studio 15
VisualStudioVersion = 15.0.28307.438
MinimumVisualStudioVersion = 10.0.40219.1
Project("{FAE04EC0-301F-11D3-BF4B-00C04F79EFBC}") = "Common", "Common\Common.csproj", "{591BA812-A10A-45FD-A420-7B58104E95E9}"
EndProject
Project("{FAE04EC0-301F-11D3-BF4B-00C04F79EFBC}") = "Model", "Model\Model.csproj", "{DC9F0600-D707-40B5-8C63-85A1ED6130E8}"
EndProject
Project("{FAE04EC0-301F-11D3-BF4B-00C04F79EFBC}") = "WindowsFormsApplication1", "WindowsFormsApplication1\WindowsFormsApplication1.csproj", "{BDD5EA05-2BF6-4891-9695-9D8D763A0E4F}"
	ProjectSection(ProjectDependencies) = postProject
		{39EAE9A2-07EB-4407-9A5C-4799FA093890} = {39EAE9A2-07EB-4407-9A5C-4799FA093890}
	EndProjectSection
EndProject
Project("{FAE04EC0-301F-11D3-BF4B-00C04F79EFBC}") = "DAL", "DAL\DAL.csproj", "{8E148184-FBC1-4FEF-AE06-BE579951A560}"
EndProject
Project("{FAE04EC0-301F-11D3-BF4B-00C04F79EFBC}") = "DataTranService", "HangZhouService\DataTranService.csproj", "{EC09CD47-C5A2-4E42-99A9-1AAD96B93F60}"
	ProjectSection(ProjectDependencies) = postProject
		{39EAE9A2-07EB-4407-9A5C-4799FA093890} = {39EAE9A2-07EB-4407-9A5C-4799FA093890}
	EndProjectSection
EndProject
Project("{FAE04EC0-301F-11D3-BF4B-00C04F79EFBC}") = "HangZhouTran", "HZTran\HangZhouTran.csproj", "{DA07862A-497E-45F9-A3FC-D61B812912B9}"
	ProjectSection(ProjectDependencies) = postProject
		{39EAE9A2-07EB-4407-9A5C-4799FA093890} = {39EAE9A2-07EB-4407-9A5C-4799FA093890}
	EndProjectSection
EndProject
Project("{FAE04EC0-301F-11D3-BF4B-00C04F79EFBC}") = "WebApplication1", "WebApplication1\WebApplication1.csproj", "{39EAE9A2-07EB-4407-9A5C-4799FA093890}"
EndProject
Global
	GlobalSection(SolutionConfigurationPlatforms) = preSolution
		Debug|Any CPU = Debug|Any CPU
		Release|Any CPU = Release|Any CPU
	EndGlobalSection
	GlobalSection(ProjectConfigurationPlatforms) = postSolution
		{591BA812-A10A-45FD-A420-7B58104E95E9}.Debug|Any CPU.ActiveCfg = Debug|Any CPU
		{591BA812-A10A-45FD-A420-7B58104E95E9}.Debug|Any CPU.Build.0 = Debug|Any CPU
		{591BA812-A10A-45FD-A420-7B58104E95E9}.Release|Any CPU.ActiveCfg = Release|Any CPU
		{591BA812-A10A-45FD-A420-7B58104E95E9}.Release|Any CPU.Build.0 = Release|Any CPU
		{DC9F0600-D707-40B5-8C63-85A1ED6130E8}.Debug|Any CPU.ActiveCfg = Debug|Any CPU
		{DC9F0600-D707-40B5-8C63-85A1ED6130E8}.Debug|Any CPU.Build.0 = Debug|Any CPU
		{DC9F0600-D707-40B5-8C63-85A1ED6130E8}.Release|Any CPU.ActiveCfg = Release|Any CPU
		{DC9F0600-D707-40B5-8C63-85A1ED6130E8}.Release|Any CPU.Build.0 = Release|Any CPU
		{BDD5EA05-2BF6-4891-9695-9D8D763A0E4F}.Debug|Any CPU.ActiveCfg = Debug|Any CPU
		{BDD5EA05-2BF6-4891-9695-9D8D763A0E4F}.Debug|Any CPU.Build.0 = Debug|Any CPU
		{BDD5EA05-2BF6-4891-9695-9D8D763A0E4F}.Release|Any CPU.ActiveCfg = Release|Any CPU
		{BDD5EA05-2BF6-4891-9695-9D8D763A0E4F}.Release|Any CPU.Build.0 = Release|Any CPU
		{8E148184-FBC1-4FEF-AE06-BE579951A560}.Debug|Any CPU.ActiveCfg = Debug|Any CPU
		{8E148184-FBC1-4FEF-AE06-BE579951A560}.Debug|Any CPU.Build.0 = Debug|Any CPU
		{8E148184-FBC1-4FEF-AE06-BE579951A560}.Release|Any CPU.ActiveCfg = Release|Any CPU
		{8E148184-FBC1-4FEF-AE06-BE579951A560}.Release|Any CPU.Build.0 = Release|Any CPU
		{EC09CD47-C5A2-4E42-99A9-1AAD96B93F60}.Debug|Any CPU.ActiveCfg = Debug|Any CPU
		{EC09CD47-C5A2-4E42-99A9-1AAD96B93F60}.Debug|Any CPU.Build.0 = Debug|Any CPU
		{EC09CD47-C5A2-4E42-99A9-1AAD96B93F60}.Release|Any CPU.ActiveCfg = Release|Any CPU
		{EC09CD47-C5A2-4E42-99A9-1AAD96B93F60}.Release|Any CPU.Build.0 = Release|Any CPU
		{DA07862A-497E-45F9-A3FC-D61B812912B9}.Debug|Any CPU.ActiveCfg = Debug|Any CPU
		{DA07862A-497E-45F9-A3FC-D61B812912B9}.Debug|Any CPU.Build.0 = Debug|Any CPU
		{DA07862A-497E-45F9-A3FC-D61B812912B9}.Release|Any CPU.ActiveCfg = Release|Any CPU
		{DA07862A-497E-45F9-A3FC-D61B812912B9}.Release|Any CPU.Build.0 = Release|Any CPU
		{39EAE9A2-07EB-4407-9A5C-4799FA093890}.Debug|Any CPU.ActiveCfg = Debug|Any CPU
		{39EAE9A2-07EB-4407-9A5C-4799FA093890}.Debug|Any CPU.Build.0 = Debug|Any CPU
		{39EAE9A2-07EB-4407-9A5C-4799FA093890}.Release|Any CPU.ActiveCfg = Release|Any CPU
		{39EAE9A2-07EB-4407-9A5C-4799FA093890}.Release|Any CPU.Build.0 = Release|Any CPU
	EndGlobalSection
	GlobalSection(SolutionProperties) = preSolution
		HideSolutionNode = FALSE
	EndGlobalSection
	GlobalSection(ExtensibilityGlobals) = postSolution
		SolutionGuid = {F0B13E7B-8C0A-4EC8-A35F-1C206DA2A07F}
	EndGlobalSection
EndGlobal
